dependencies:
- name: redis
  repository: https://kubernetes-charts.storage.googleapis.com/
  version: 9.1.12
- name: postgresql
  repository: https://kubernetes-charts.storage.googleapis.com/
  version: 6.3.9
- name: rabbitmq
  repository: https://kubernetes-charts.storage.googleapis.com/
  version: 6.7.4
- name: reana-server
  repository: file://subcharts/reana-server
  version: 0.1.0
- name: reana-workflow-controller
  repository: file://subcharts/reana-workflow-controller
  version: 0.1.0
- name: reana-ui
  repository: file://subcharts/reana-ui
  version: 0.1.0
- name: reana-wdb
  repository: file://subcharts/reana-wdb
  version: 0.1.0
digest: sha256:f2b593886b80fa56549aa74516dfa38007477102ca94f560d65429238970a329
generated: "2019-09-23T18:18:36.708731+02:00"
