dependencies:
- name: redis
  repository: https://kubernetes-charts.storage.googleapis.com/
  version: 9.1.12
- name: postgresql
  repository: https://kubernetes-charts.storage.googleapis.com/
  version: 6.3.9
- name: rabbitmq
  repository: https://kubernetes-charts.storage.googleapis.com/
  version: 6.7.4
- name: reanaserver
  repository: file://subcharts/reanaserver
  version: 0.1.0
- name: reanaworkflowcontroller
  repository: file://subcharts/reanaworkflowcontroller
  version: 0.1.0
- name: reanaui
  repository: file://subcharts/reanaui
  version: 0.1.0
- name: reanawdb
  repository: file://subcharts/reanawdb
  version: 0.1.0
digest: sha256:f630df0f82375c2e46ef29a66f54bb9b98529d9be32187bf38ed5974a7c451dd
generated: "2019-09-27T12:05:27.69302+02:00"
